// !$*UTF8*$!
{
	archiveVersion = 1;
	classes = {
	};
	objectVersion = 55;
	objects = {

/* Begin PBXBuildFile section */
		4444022628CF054700ED816E /* PulgarApp.swift in Sources */ = {isa = PBXBuildFile; fileRef = 4444022528CF054700ED816E /* PulgarApp.swift */; };
		4444022828CF054700ED816E /* ContentView.swift in Sources */ = {isa = PBXBuildFile; fileRef = 4444022728CF054700ED816E /* ContentView.swift */; };
		4444022A28CF054A00ED816E /* Assets.xcassets in Resources */ = {isa = PBXBuildFile; fileRef = 4444022928CF054A00ED816E /* Assets.xcassets */; };
		4444022D28CF054A00ED816E /* Preview Assets.xcassets in Resources */ = {isa = PBXBuildFile; fileRef = 4444022C28CF054A00ED816E /* Preview Assets.xcassets */; };
		4444022F28CF054A00ED816E /* Persistence.swift in Sources */ = {isa = PBXBuildFile; fileRef = 4444022E28CF054A00ED816E /* Persistence.swift */; };
		4444023228CF054A00ED816E /* Pulgar.xcdatamodeld in Sources */ = {isa = PBXBuildFile; fileRef = 4444023028CF054A00ED816E /* Pulgar.xcdatamodeld */; };
		4444023C28CF054B00ED816E /* PulgarTests.swift in Sources */ = {isa = PBXBuildFile; fileRef = 4444023B28CF054B00ED816E /* PulgarTests.swift */; };
		4444024628CF054B00ED816E /* PulgarUITests.swift in Sources */ = {isa = PBXBuildFile; fileRef = 4444024528CF054B00ED816E /* PulgarUITests.swift */; };
		4444024828CF054B00ED816E /* PulgarUITestsLaunchTests.swift in Sources */ = {isa = PBXBuildFile; fileRef = 4444024728CF054B00ED816E /* PulgarUITestsLaunchTests.swift */; };
/* End PBXBuildFile section */

/* Begin PBXContainerItemProxy section */
		4444023828CF054B00ED816E /* PBXContainerItemProxy */ = {
			isa = PBXContainerItemProxy;
			containerPortal = 4444021A28CF054700ED816E /* Project object */;
			proxyType = 1;
			remoteGlobalIDString = 4444022128CF054700ED816E;
			remoteInfo = Pulgar;
		};
		4444024228CF054B00ED816E /* PBXContainerItemProxy */ = {
			isa = PBXContainerItemProxy;
			containerPortal = 4444021A28CF054700ED816E /* Project object */;
			proxyType = 1;
			remoteGlobalIDString = 4444022128CF054700ED816E;
			remoteInfo = Pulgar;
		};
/* End PBXContainerItemProxy section */

/* Begin PBXFileReference section */
		4444022228CF054700ED816E /* Pulgar.app */ = {isa = PBXFileReference; explicitFileType = wrapper.application; includeInIndex = 0; path = Pulgar.app; sourceTree = BUILT_PRODUCTS_DIR; };
		4444022528CF054700ED816E /* PulgarApp.swift */ = {isa = PBXFileReference; lastKnownFileType = sourcecode.swift; path = PulgarApp.swift; sourceTree = "<group>"; };
		4444022728CF054700ED816E /* ContentView.swift */ = {isa = PBXFileReference; lastKnownFileType = sourcecode.swift; path = ContentView.swift; sourceTree = "<group>"; };
		4444022928CF054A00ED816E /* Assets.xcassets */ = {isa = PBXFileReference; lastKnownFileType = folder.assetcatalog; path = Assets.xcassets; sourceTree = "<group>"; };
		4444022C28CF054A00ED816E /* Preview Assets.xcassets */ = {isa = PBXFileReference; lastKnownFileType = folder.assetcatalog; path = "Preview Assets.xcassets"; sourceTree = "<group>"; };
		4444022E28CF054A00ED816E /* Persistence.swift */ = {isa = PBXFileReference; lastKnownFileType = sourcecode.swift; path = Persistence.swift; sourceTree = "<group>"; };
		4444023128CF054A00ED816E /* Pulgar.xcdatamodel */ = {isa = PBXFileReference; lastKnownFileType = wrapper.xcdatamodel; path = Pulgar.xcdatamodel; sourceTree = "<group>"; };
		4444023728CF054B00ED816E /* PulgarTests.xctest */ = {isa = PBXFileReference; explicitFileType = wrapper.cfbundle; includeInIndex = 0; path = PulgarTests.xctest; sourceTree = BUILT_PRODUCTS_DIR; };
		4444023B28CF054B00ED816E /* PulgarTests.swift */ = {isa = PBXFileReference; lastKnownFileType = sourcecode.swift; path = PulgarTests.swift; sourceTree = "<group>"; };
		4444024128CF054B00ED816E /* PulgarUITests.xctest */ = {isa = PBXFileReference; explicitFileType = wrapper.cfbundle; includeInIndex = 0; path = PulgarUITests.xctest; sourceTree = BUILT_PRODUCTS_DIR; };
		4444024528CF054B00ED816E /* PulgarUITests.swift */ = {isa = PBXFileReference; lastKnownFileType = sourcecode.swift; path = PulgarUITests.swift; sourceTree = "<group>"; };
		4444024728CF054B00ED816E /* PulgarUITestsLaunchTests.swift */ = {isa = PBXFileReference; lastKnownFileType = sourcecode.swift; path = PulgarUITestsLaunchTests.swift; sourceTree = "<group>"; };
/* End PBXFileReference section */

/* Begin PBXFrameworksBuildPhase section */
		4444021F28CF054700ED816E /* Frameworks */ = {
			isa = PBXFrameworksBuildPhase;
			buildActionMask = 2147483647;
			files = (
			);
			runOnlyForDeploymentPostprocessing = 0;
		};
		4444023428CF054B00ED816E /* Frameworks */ = {
			isa = PBXFrameworksBuildPhase;
			buildActionMask = 2147483647;
			files = (
			);
			runOnlyForDeploymentPostprocessing = 0;
		};
		4444023E28CF054B00ED816E /* Frameworks */ = {
			isa = PBXFrameworksBuildPhase;
			buildActionMask = 2147483647;
			files = (
			);
			runOnlyForDeploymentPostprocessing = 0;
		};
/* End PBXFrameworksBuildPhase section */

/* Begin PBXGroup section */
		4444021928CF054700ED816E = {
			isa = PBXGroup;
			children = (
				4444022428CF054700ED816E /* Pulgar */,
				4444023A28CF054B00ED816E /* PulgarTests */,
				4444024428CF054B00ED816E /* PulgarUITests */,
				4444022328CF054700ED816E /* Products */,
			);
			sourceTree = "<group>";
		};
		4444022328CF054700ED816E /* Products */ = {
			isa = PBXGroup;
			children = (
				4444022228CF054700ED816E /* Pulgar.app */,
				4444023728CF054B00ED816E /* PulgarTests.xctest */,
				4444024128CF054B00ED816E /* PulgarUITests.xctest */,
			);
			name = Products;
			sourceTree = "<group>";
		};
		4444022428CF054700ED816E /* Pulgar */ = {
			isa = PBXGroup;
			children = (
				4444022528CF054700ED816E /* PulgarApp.swift */,
				4444022728CF054700ED816E /* ContentView.swift */,
				4444022928CF054A00ED816E /* Assets.xcassets */,
				4444022E28CF054A00ED816E /* Persistence.swift */,
				4444023028CF054A00ED816E /* Pulgar.xcdatamodeld */,
				4444022B28CF054A00ED816E /* Preview Content */,
			);
			path = Pulgar;
			sourceTree = "<group>";
		};
		4444022B28CF054A00ED816E /* Preview Content */ = {
			isa = PBXGroup;
			children = (
				4444022C28CF054A00ED816E /* Preview Assets.xcassets */,
			);
			path = "Preview Content";
			sourceTree = "<group>";
		};
		4444023A28CF054B00ED816E /* PulgarTests */ = {
			isa = PBXGroup;
			children = (
				4444023B28CF054B00ED816E /* PulgarTests.swift */,
			);
			path = PulgarTests;
			sourceTree = "<group>";
		};
		4444024428CF054B00ED816E /* PulgarUITests */ = {
			isa = PBXGroup;
			children = (
				4444024528CF054B00ED816E /* PulgarUITests.swift */,
				4444024728CF054B00ED816E /* PulgarUITestsLaunchTests.swift */,
			);
			path = PulgarUITests;
			sourceTree = "<group>";
		};
/* End PBXGroup section */

/* Begin PBXNativeTarget section */
		4444022128CF054700ED816E /* Pulgar */ = {
			isa = PBXNativeTarget;
			buildConfigurationList = 4444024B28CF054B00ED816E /* Build configuration list for PBXNativeTarget "Pulgar" */;
			buildPhases = (
				4444021E28CF054700ED816E /* Sources */,
				4444021F28CF054700ED816E /* Frameworks */,
				4444022028CF054700ED816E /* Resources */,
			);
			buildRules = (
			);
			dependencies = (
			);
			name = Pulgar;
			productName = Pulgar;
			productReference = 4444022228CF054700ED816E /* Pulgar.app */;
			productType = "com.apple.product-type.application";
		};
		4444023628CF054B00ED816E /* PulgarTests */ = {
			isa = PBXNativeTarget;
			buildConfigurationList = 4444024E28CF054B00ED816E /* Build configuration list for PBXNativeTarget "PulgarTests" */;
			buildPhases = (
				4444023328CF054B00ED816E /* Sources */,
				4444023428CF054B00ED816E /* Frameworks */,
				4444023528CF054B00ED816E /* Resources */,
			);
			buildRules = (
			);
			dependencies = (
				4444023928CF054B00ED816E /* PBXTargetDependency */,
			);
			name = PulgarTests;
			productName = PulgarTests;
			productReference = 4444023728CF054B00ED816E /* PulgarTests.xctest */;
			productType = "com.apple.product-type.bundle.unit-test";
		};
		4444024028CF054B00ED816E /* PulgarUITests */ = {
			isa = PBXNativeTarget;
			buildConfigurationList = 4444025128CF054B00ED816E /* Build configuration list for PBXNativeTarget "PulgarUITests" */;
			buildPhases = (
				4444023D28CF054B00ED816E /* Sources */,
				4444023E28CF054B00ED816E /* Frameworks */,
				4444023F28CF054B00ED816E /* Resources */,
			);
			buildRules = (
			);
			dependencies = (
				4444024328CF054B00ED816E /* PBXTargetDependency */,
			);
			name = PulgarUITests;
			productName = PulgarUITests;
			productReference = 4444024128CF054B00ED816E /* PulgarUITests.xctest */;
			productType = "com.apple.product-type.bundle.ui-testing";
		};
/* End PBXNativeTarget section */

/* Begin PBXProject section */
		4444021A28CF054700ED816E /* Project object */ = {
			isa = PBXProject;
			attributes = {
				BuildIndependentTargetsInParallel = 1;
				LastSwiftUpdateCheck = 1340;
				LastUpgradeCheck = 1340;
				TargetAttributes = {
					4444022128CF054700ED816E = {
						CreatedOnToolsVersion = 13.4;
					};
					4444023628CF054B00ED816E = {
						CreatedOnToolsVersion = 13.4;
						TestTargetID = 4444022128CF054700ED816E;
					};
					4444024028CF054B00ED816E = {
						CreatedOnToolsVersion = 13.4;
						TestTargetID = 4444022128CF054700ED816E;
					};
				};
			};
			buildConfigurationList = 4444021D28CF054700ED816E /* Build configuration list for PBXProject "Pulgar" */;
			compatibilityVersion = "Xcode 13.0";
			developmentRegion = en;
			hasScannedForEncodings = 0;
			knownRegions = (
				en,
				Base,
			);
			mainGroup = 4444021928CF054700ED816E;
			productRefGroup = 4444022328CF054700ED816E /* Products */;
			projectDirPath = "";
			projectRoot = "";
			targets = (
				4444022128CF054700ED816E /* Pulgar */,
				4444023628CF054B00ED816E /* PulgarTests */,
				4444024028CF054B00ED816E /* PulgarUITests */,
			);
		};
/* End PBXProject section */

/* Begin PBXResourcesBuildPhase section */
		4444022028CF054700ED816E /* Resources */ = {
			isa = PBXResourcesBuildPhase;
			buildActionMask = 2147483647;
			files = (
				4444022D28CF054A00ED816E /* Preview Assets.xcassets in Resources */,
				4444022A28CF054A00ED816E /* Assets.xcassets in Resources */,
			);
			runOnlyForDeploymentPostprocessing = 0;
		};
		4444023528CF054B00ED816E /* Resources */ = {
			isa = PBXResourcesBuildPhase;
			buildActionMask = 2147483647;
			files = (
			);
			runOnlyForDeploymentPostprocessing = 0;
		};
		4444023F28CF054B00ED816E /* Resources */ = {
			isa = PBXResourcesBuildPhase;
			buildActionMask = 2147483647;
			files = (
			);
			runOnlyForDeploymentPostprocessing = 0;
		};
/* End PBXResourcesBuildPhase section */

/* Begin PBXSourcesBuildPhase section */
		4444021E28CF054700ED816E /* Sources */ = {
			isa = PBXSourcesBuildPhase;
			buildActionMask = 2147483647;
			files = (
				4444022F28CF054A00ED816E /* Persistence.swift in Sources */,
				4444022828CF054700ED816E /* ContentView.swift in Sources */,
				4444023228CF054A00ED816E /* Pulgar.xcdatamodeld in Sources */,
				4444022628CF054700ED816E /* PulgarApp.swift in Sources */,
			);
			runOnlyForDeploymentPostprocessing = 0;
		};
		4444023328CF054B00ED816E /* Sources */ = {
			isa = PBXSourcesBuildPhase;
			buildActionMask = 2147483647;
			files = (
				4444023C28CF054B00ED816E /* PulgarTests.swift in Sources */,
			);
			runOnlyForDeploymentPostprocessing = 0;
		};
		4444023D28CF054B00ED816E /* Sources */ = {
			isa = PBXSourcesBuildPhase;
			buildActionMask = 2147483647;
			files = (
				4444024628CF054B00ED816E /* PulgarUITests.swift in Sources */,
				4444024828CF054B00ED816E /* PulgarUITestsLaunchTests.swift in Sources */,
			);
			runOnlyForDeploymentPostprocessing = 0;
		};
/* End PBXSourcesBuildPhase section */

/* Begin PBXTargetDependency section */
		4444023928CF054B00ED816E /* PBXTargetDependency */ = {
			isa = PBXTargetDependency;
			target = 4444022128CF054700ED816E /* Pulgar */;
			targetProxy = 4444023828CF054B00ED816E /* PBXContainerItemProxy */;
		};
		4444024328CF054B00ED816E /* PBXTargetDependency */ = {
			isa = PBXTargetDependency;
			target = 4444022128CF054700ED816E /* Pulgar */;
			targetProxy = 4444024228CF054B00ED816E /* PBXContainerItemProxy */;
		};
/* End PBXTargetDependency section */

/* Begin XCBuildConfiguration section */
		4444024928CF054B00ED816E /* Debug */ = {
			isa = XCBuildConfiguration;
			buildSettings = {
				ALWAYS_SEARCH_USER_PATHS = NO;
				CLANG_ANALYZER_NONNULL = YES;
				CLANG_ANALYZER_NUMBER_OBJECT_CONVERSION = YES_AGGRESSIVE;
				CLANG_CXX_LANGUAGE_STANDARD = "gnu++17";
				CLANG_ENABLE_MODULES = YES;
				CLANG_ENABLE_OBJC_ARC = YES;
				CLANG_ENABLE_OBJC_WEAK = YES;
				CLANG_WARN_BLOCK_CAPTURE_AUTORELEASING = YES;
				CLANG_WARN_BOOL_CONVERSION = YES;
				CLANG_WARN_COMMA = YES;
				CLANG_WARN_CONSTANT_CONVERSION = YES;
				CLANG_WARN_DEPRECATED_OBJC_IMPLEMENTATIONS = YES;
				CLANG_WARN_DIRECT_OBJC_ISA_USAGE = YES_ERROR;
				CLANG_WARN_DOCUMENTATION_COMMENTS = YES;
				CLANG_WARN_EMPTY_BODY = YES;
				CLANG_WARN_ENUM_CONVERSION = YES;
				CLANG_WARN_INFINITE_RECURSION = YES;
				CLANG_WARN_INT_CONVERSION = YES;
				CLANG_WARN_NON_LITERAL_NULL_CONVERSION = YES;
				CLANG_WARN_OBJC_IMPLICIT_RETAIN_SELF = YES;
				CLANG_WARN_OBJC_LITERAL_CONVERSION = YES;
				CLANG_WARN_OBJC_ROOT_CLASS = YES_ERROR;
				CLANG_WARN_QUOTED_INCLUDE_IN_FRAMEWORK_HEADER = YES;
				CLANG_WARN_RANGE_LOOP_ANALYSIS = YES;
				CLANG_WARN_STRICT_PROTOTYPES = YES;
				CLANG_WARN_SUSPICIOUS_MOVE = YES;
				CLANG_WARN_UNGUARDED_AVAILABILITY = YES_AGGRESSIVE;
				CLANG_WARN_UNREACHABLE_CODE = YES;
				CLANG_WARN__DUPLICATE_METHOD_MATCH = YES;
				COPY_PHASE_STRIP = NO;
				DEBUG_INFORMATION_FORMAT = dwarf;
				ENABLE_STRICT_OBJC_MSGSEND = YES;
				ENABLE_TESTABILITY = YES;
				GCC_C_LANGUAGE_STANDARD = gnu11;
				GCC_DYNAMIC_NO_PIC = NO;
				GCC_NO_COMMON_BLOCKS = YES;
				GCC_OPTIMIZATION_LEVEL = 0;
				GCC_PREPROCESSOR_DEFINITIONS = (
					"DEBUG=1",
					"$(inherited)",
				);
				GCC_WARN_64_TO_32_BIT_CONVERSION = YES;
				GCC_WARN_ABOUT_RETURN_TYPE = YES_ERROR;
				GCC_WARN_UNDECLARED_SELECTOR = YES;
				GCC_WARN_UNINITIALIZED_AUTOS = YES_AGGRESSIVE;
				GCC_WARN_UNUSED_FUNCTION = YES;
				GCC_WARN_UNUSED_VARIABLE = YES;
				IPHONEOS_DEPLOYMENT_TARGET = 15.5;
				MTL_ENABLE_DEBUG_INFO = INCLUDE_SOURCE;
				MTL_FAST_MATH = YES;
				ONLY_ACTIVE_ARCH = YES;
				SDKROOT = iphoneos;
				SWIFT_ACTIVE_COMPILATION_CONDITIONS = DEBUG;
				SWIFT_OPTIMIZATION_LEVEL = "-Onone";
			};
			name = Debug;
		};
		4444024A28CF054B00ED816E /* Release */ = {
			isa = XCBuildConfiguration;
			buildSettings = {
				ALWAYS_SEARCH_USER_PATHS = NO;
				CLANG_ANALYZER_NONNULL = YES;
				CLANG_ANALYZER_NUMBER_OBJECT_CONVERSION = YES_AGGRESSIVE;
				CLANG_CXX_LANGUAGE_STANDARD = "gnu++17";
				CLANG_ENABLE_MODULES = YES;
				CLANG_ENABLE_OBJC_ARC = YES;
				CLANG_ENABLE_OBJC_WEAK = YES;
				CLANG_WARN_BLOCK_CAPTURE_AUTORELEASING = YES;
				CLANG_WARN_BOOL_CONVERSION = YES;
				CLANG_WARN_COMMA = YES;
				CLANG_WARN_CONSTANT_CONVERSION = YES;
				CLANG_WARN_DEPRECATED_OBJC_IMPLEMENTATIONS = YES;
				CLANG_WARN_DIRECT_OBJC_ISA_USAGE = YES_ERROR;
				CLANG_WARN_DOCUMENTATION_COMMENTS = YES;
				CLANG_WARN_EMPTY_BODY = YES;
				CLANG_WARN_ENUM_CONVERSION = YES;
				CLANG_WARN_INFINITE_RECURSION = YES;
				CLANG_WARN_INT_CONVERSION = YES;
				CLANG_WARN_NON_LITERAL_NULL_CONVERSION = YES;
				CLANG_WARN_OBJC_IMPLICIT_RETAIN_SELF = YES;
				CLANG_WARN_OBJC_LITERAL_CONVERSION = YES;
				CLANG_WARN_OBJC_ROOT_CLASS = YES_ERROR;
				CLANG_WARN_QUOTED_INCLUDE_IN_FRAMEWORK_HEADER = YES;
				CLANG_WARN_RANGE_LOOP_ANALYSIS = YES;
				CLANG_WARN_STRICT_PROTOTYPES = YES;
				CLANG_WARN_SUSPICIOUS_MOVE = YES;
				CLANG_WARN_UNGUARDED_AVAILABILITY = YES_AGGRESSIVE;
				CLANG_WARN_UNREACHABLE_CODE = YES;
				CLANG_WARN__DUPLICATE_METHOD_MATCH = YES;
				COPY_PHASE_STRIP = NO;
				DEBUG_INFORMATION_FORMAT = "dwarf-with-dsym";
				ENABLE_NS_ASSERTIONS = NO;
				ENABLE_STRICT_OBJC_MSGSEND = YES;
				GCC_C_LANGUAGE_STANDARD = gnu11;
				GCC_NO_COMMON_BLOCKS = YES;
				GCC_WARN_64_TO_32_BIT_CONVERSION = YES;
				GCC_WARN_ABOUT_RETURN_TYPE = YES_ERROR;
				GCC_WARN_UNDECLARED_SELECTOR = YES;
				GCC_WARN_UNINITIALIZED_AUTOS = YES_AGGRESSIVE;
				GCC_WARN_UNUSED_FUNCTION = YES;
				GCC_WARN_UNUSED_VARIABLE = YES;
				IPHONEOS_DEPLOYMENT_TARGET = 15.5;
				MTL_ENABLE_DEBUG_INFO = NO;
				MTL_FAST_MATH = YES;
				SDKROOT = iphoneos;
				SWIFT_COMPILATION_MODE = wholemodule;
				SWIFT_OPTIMIZATION_LEVEL = "-O";
				VALIDATE_PRODUCT = YES;
			};
			name = Release;
		};
		4444024C28CF054B00ED816E /* Debug */ = {
			isa = XCBuildConfiguration;
			buildSettings = {
				ASSETCATALOG_COMPILER_APPICON_NAME = AppIcon;
				ASSETCATALOG_COMPILER_GLOBAL_ACCENT_COLOR_NAME = AccentColor;
				CODE_SIGN_STYLE = Automatic;
				CURRENT_PROJECT_VERSION = 1;
				DEVELOPMENT_ASSET_PATHS = "\"Pulgar/Preview Content\"";
				DEVELOPMENT_TEAM = 5U5SX82NR9;
				ENABLE_PREVIEWS = YES;
				GENERATE_INFOPLIST_FILE = YES;
				INFOPLIST_KEY_UIApplicationSceneManifest_Generation = YES;
				INFOPLIST_KEY_UIApplicationSupportsIndirectInputEvents = YES;
				INFOPLIST_KEY_UILaunchScreen_Generation = YES;
				INFOPLIST_KEY_UISupportedInterfaceOrientations_iPad = "UIInterfaceOrientationPortrait UIInterfaceOrientationPortraitUpsideDown UIInterfaceOrientationLandscapeLeft UIInterfaceOrientationLandscapeRight";
				INFOPLIST_KEY_UISupportedInterfaceOrientations_iPhone = "UIInterfaceOrientationPortrait UIInterfaceOrientationLandscapeLeft UIInterfaceOrientationLandscapeRight";
				LD_RUNPATH_SEARCH_PATHS = (
					"$(inherited)",
					"@executable_path/Frameworks",
				);
				MARKETING_VERSION = 1.0;
				PRODUCT_BUNDLE_IDENTIFIER = com.markcadag.Pulgar;
				PRODUCT_NAME = "$(TARGET_NAME)";
				SWIFT_EMIT_LOC_STRINGS = YES;
				SWIFT_VERSION = 5.0;
				TARGETED_DEVICE_FAMILY = "1,2";
			};
			name = Debug;
		};
		4444024D28CF054B00ED816E /* Release */ = {
			isa = XCBuildConfiguration;
			buildSettings = {
				ASSETCATALOG_COMPILER_APPICON_NAME = AppIcon;
				ASSETCATALOG_COMPILER_GLOBAL_ACCENT_COLOR_NAME = AccentColor;
				CODE_SIGN_STYLE = Automatic;
				CURRENT_PROJECT_VERSION = 1;
				DEVELOPMENT_ASSET_PATHS = "\"Pulgar/Preview Content\"";
				DEVELOPMENT_TEAM = 5U5SX82NR9;
				ENABLE_PREVIEWS = YES;
				GENERATE_INFOPLIST_FILE = YES;
				INFOPLIST_KEY_UIApplicationSceneManifest_Generation = YES;
				INFOPLIST_KEY_UIApplicationSupportsIndirectInputEvents = YES;
				INFOPLIST_KEY_UILaunchScreen_Generation = YES;
				INFOPLIST_KEY_UISupportedInterfaceOrientations_iPad = "UIInterfaceOrientationPortrait UIInterfaceOrientationPortraitUpsideDown UIInterfaceOrientationLandscapeLeft UIInterfaceOrientationLandscapeRight";
				INFOPLIST_KEY_UISupportedInterfaceOrientations_iPhone = "UIInterfaceOrientationPortrait UIInterfaceOrientationLandscapeLeft UIInterfaceOrientationLandscapeRight";
				LD_RUNPATH_SEARCH_PATHS = (
					"$(inherited)",
					"@executable_path/Frameworks",
				);
				MARKETING_VERSION = 1.0;
				PRODUCT_BUNDLE_IDENTIFIER = com.markcadag.Pulgar;
				PRODUCT_NAME = "$(TARGET_NAME)";
				SWIFT_EMIT_LOC_STRINGS = YES;
				SWIFT_VERSION = 5.0;
				TARGETED_DEVICE_FAMILY = "1,2";
			};
			name = Release;
		};
		4444024F28CF054B00ED816E /* Debug */ = {
			isa = XCBuildConfiguration;
			buildSettings = {
				ALWAYS_EMBED_SWIFT_STANDARD_LIBRARIES = YES;
				BUNDLE_LOADER = "$(TEST_HOST)";
				CODE_SIGN_STYLE = Automatic;
				CURRENT_PROJECT_VERSION = 1;
				DEVELOPMENT_TEAM = 5U5SX82NR9;
				GENERATE_INFOPLIST_FILE = YES;
				IPHONEOS_DEPLOYMENT_TARGET = 15.5;
				MARKETING_VERSION = 1.0;
				PRODUCT_BUNDLE_IDENTIFIER = com.markcadag.PulgarTests;
				PRODUCT_NAME = "$(TARGET_NAME)";
				SWIFT_EMIT_LOC_STRINGS = NO;
				SWIFT_VERSION = 5.0;
				TARGETED_DEVICE_FAMILY = "1,2";
				TEST_HOST = "$(BUILT_PRODUCTS_DIR)/Pulgar.app/Pulgar";
			};
			name = Debug;
		};
		4444025028CF054B00ED816E /* Release */ = {
			isa = XCBuildConfiguration;
			buildSettings = {
				ALWAYS_EMBED_SWIFT_STANDARD_LIBRARIES = YES;
				BUNDLE_LOADER = "$(TEST_HOST)";
				CODE_SIGN_STYLE = Automatic;
				CURRENT_PROJECT_VERSION = 1;
				DEVELOPMENT_TEAM = 5U5SX82NR9;
				GENERATE_INFOPLIST_FILE = YES;
				IPHONEOS_DEPLOYMENT_TARGET = 15.5;
				MARKETING_VERSION = 1.0;
				PRODUCT_BUNDLE_IDENTIFIER = com.markcadag.PulgarTests;
				PRODUCT_NAME = "$(TARGET_NAME)";
				SWIFT_EMIT_LOC_STRINGS = NO;
				SWIFT_VERSION = 5.0;
				TARGETED_DEVICE_FAMILY = "1,2";
				TEST_HOST = "$(BUILT_PRODUCTS_DIR)/Pulgar.app/Pulgar";
			};
			name = Release;
		};
		4444025228CF054B00ED816E /* Debug */ = {
			isa = XCBuildConfiguration;
			buildSettings = {
				ALWAYS_EMBED_SWIFT_STANDARD_LIBRARIES = YES;
				CODE_SIGN_STYLE = Automatic;
				CURRENT_PROJECT_VERSION = 1;
				DEVELOPMENT_TEAM = 5U5SX82NR9;
				GENERATE_INFOPLIST_FILE = YES;
				MARKETING_VERSION = 1.0;
				PRODUCT_BUNDLE_IDENTIFIER = com.markcadag.PulgarUITests;
				PRODUCT_NAME = "$(TARGET_NAME)";
				SWIFT_EMIT_LOC_STRINGS = NO;
				SWIFT_VERSION = 5.0;
				TARGETED_DEVICE_FAMILY = "1,2";
				TEST_TARGET_NAME = Pulgar;
			};
			name = Debug;
		};
		4444025328CF054B00ED816E /* Release */ = {
			isa = XCBuildConfiguration;
			buildSettings = {
				ALWAYS_EMBED_SWIFT_STANDARD_LIBRARIES = YES;
				CODE_SIGN_STYLE = Automatic;
				CURRENT_PROJECT_VERSION = 1;
				DEVELOPMENT_TEAM = 5U5SX82NR9;
				GENERATE_INFOPLIST_FILE = YES;
				MARKETING_VERSION = 1.0;
				PRODUCT_BUNDLE_IDENTIFIER = com.markcadag.PulgarUITests;
				PRODUCT_NAME = "$(TARGET_NAME)";
				SWIFT_EMIT_LOC_STRINGS = NO;
				SWIFT_VERSION = 5.0;
				TARGETED_DEVICE_FAMILY = "1,2";
				TEST_TARGET_NAME = Pulgar;
			};
			name = Release;
		};
/* End XCBuildConfiguration section */

/* Begin XCConfigurationList section */
		4444021D28CF054700ED816E /* Build configuration list for PBXProject "Pulgar" */ = {
			isa = XCConfigurationList;
			buildConfigurations = (
				4444024928CF054B00ED816E /* Debug */,
				4444024A28CF054B00ED816E /* Release */,
			);
			defaultConfigurationIsVisible = 0;
			defaultConfigurationName = Release;
		};
		4444024B28CF054B00ED816E /* Build configuration list for PBXNativeTarget "Pulgar" */ = {
			isa = XCConfigurationList;
			buildConfigurations = (
				4444024C28CF054B00ED816E /* Debug */,
				4444024D28CF054B00ED816E /* Release */,
			);
			defaultConfigurationIsVisible = 0;
			defaultConfigurationName = Release;
		};
		4444024E28CF054B00ED816E /* Build configuration list for PBXNativeTarget "PulgarTests" */ = {
			isa = XCConfigurationList;
			buildConfigurations = (
				4444024F28CF054B00ED816E /* Debug */,
				4444025028CF054B00ED816E /* Release */,
			);
			defaultConfigurationIsVisible = 0;
			defaultConfigurationName = Release;
		};
		4444025128CF054B00ED816E /* Build configuration list for PBXNativeTarget "PulgarUITests" */ = {
			isa = XCConfigurationList;
			buildConfigurations = (
				4444025228CF054B00ED816E /* Debug */,
				4444025328CF054B00ED816E /* Release */,
			);
			defaultConfigurationIsVisible = 0;
			defaultConfigurationName = Release;
		};
/* End XCConfigurationList section */

/* Begin XCVersionGroup section */
		4444023028CF054A00ED816E /* Pulgar.xcdatamodeld */ = {
			isa = XCVersionGroup;
			children = (
				4444023128CF054A00ED816E /* Pulgar.xcdatamodel */,
			);
			currentVersion = 4444023128CF054A00ED816E /* Pulgar.xcdatamodel */;
			path = Pulgar.xcdatamodeld;
			sourceTree = "<group>";
			versionGroupType = wrapper.xcdatamodel;
		};
/* End XCVersionGroup section */
	};
	rootObject = 4444021A28CF054700ED816E /* Project object */;
}
